
Microsoft Visual Studio Solution File, Format Version 12.00
# Visual Studio Version 17
VisualStudioVersion = 17.5.33502.453
MinimumVisualStudioVersion = 10.0.40219.1
Project("{FAE04EC0-301F-11D3-BF4B-00C04F79EFBC}") = "volwels&conbyswitch", "volwels&conbyswitch.csproj", "{DC728ED0-1662-4955-8325-10CFBEA290E0}"
EndProject
Global
	GlobalSection(SolutionConfigurationPlatforms) = preSolution
		Debug|Any CPU = Debug|Any CPU
		Release|Any CPU = Release|Any CPU
	EndGlobalSection
	GlobalSection(ProjectConfigurationPlatforms) = postSolution
		{DC728ED0-1662-4955-8325-10CFBEA290E0}.Debug|Any CPU.ActiveCfg = Debug|Any CPU
		{DC728ED0-1662-4955-8325-10CFBEA290E0}.Debug|Any CPU.Build.0 = Debug|Any CPU
		{DC728ED0-1662-4955-8325-10CFBEA290E0}.Release|Any CPU.ActiveCfg = Release|Any CPU
		{DC728ED0-1662-4955-8325-10CFBEA290E0}.Release|Any CPU.Build.0 = Release|Any CPU
	EndGlobalSection
	GlobalSection(SolutionProperties) = preSolution
		HideSolutionNode = FALSE
	EndGlobalSection
	GlobalSection(ExtensibilityGlobals) = postSolution
		SolutionGuid = {8FF77A60-ED57-40D6-B60B-1FA85D55B063}
	EndGlobalSection
EndGlobal
