
Microsoft Visual Studio Solution File, Format Version 12.00
# Visual Studio Version 17
VisualStudioVersion = 17.5.33502.453
MinimumVisualStudioVersion = 10.0.40219.1
Project("{FAE04EC0-301F-11D3-BF4B-00C04F79EFBC}") = "3noinputDgreatestnoC#", "3noinputDgreatestnoC#.csproj", "{5F84C5E0-1327-4AB0-8239-A2DBC079B658}"
EndProject
Global
	GlobalSection(SolutionConfigurationPlatforms) = preSolution
		Debug|Any CPU = Debug|Any CPU
		Release|Any CPU = Release|Any CPU
	EndGlobalSection
	GlobalSection(ProjectConfigurationPlatforms) = postSolution
		{5F84C5E0-1327-4AB0-8239-A2DBC079B658}.Debug|Any CPU.ActiveCfg = Debug|Any CPU
		{5F84C5E0-1327-4AB0-8239-A2DBC079B658}.Debug|Any CPU.Build.0 = Debug|Any CPU
		{5F84C5E0-1327-4AB0-8239-A2DBC079B658}.Release|Any CPU.ActiveCfg = Release|Any CPU
		{5F84C5E0-1327-4AB0-8239-A2DBC079B658}.Release|Any CPU.Build.0 = Release|Any CPU
	EndGlobalSection
	GlobalSection(SolutionProperties) = preSolution
		HideSolutionNode = FALSE
	EndGlobalSection
	GlobalSection(ExtensibilityGlobals) = postSolution
		SolutionGuid = {47FDFE30-6F91-44E4-8C76-83C431DF475A}
	EndGlobalSection
EndGlobal
