
Microsoft Visual Studio Solution File, Format Version 12.00
# Visual Studio Version 17
VisualStudioVersion = 17.5.33502.453
MinimumVisualStudioVersion = 10.0.40219.1
Project("{FAE04EC0-301F-11D3-BF4B-00C04F79EFBC}") = "avarageinC#", "avarageinC#.csproj", "{C63EA29D-70F7-4B11-93C3-1C8DFF4943B0}"
EndProject
Global
	GlobalSection(SolutionConfigurationPlatforms) = preSolution
		Debug|Any CPU = Debug|Any CPU
		Release|Any CPU = Release|Any CPU
	EndGlobalSection
	GlobalSection(ProjectConfigurationPlatforms) = postSolution
		{C63EA29D-70F7-4B11-93C3-1C8DFF4943B0}.Debug|Any CPU.ActiveCfg = Debug|Any CPU
		{C63EA29D-70F7-4B11-93C3-1C8DFF4943B0}.Debug|Any CPU.Build.0 = Debug|Any CPU
		{C63EA29D-70F7-4B11-93C3-1C8DFF4943B0}.Release|Any CPU.ActiveCfg = Release|Any CPU
		{C63EA29D-70F7-4B11-93C3-1C8DFF4943B0}.Release|Any CPU.Build.0 = Release|Any CPU
	EndGlobalSection
	GlobalSection(SolutionProperties) = preSolution
		HideSolutionNode = FALSE
	EndGlobalSection
	GlobalSection(ExtensibilityGlobals) = postSolution
		SolutionGuid = {CEF7702A-8328-4C30-93AC-DC60E7455B50}
	EndGlobalSection
EndGlobal
