
Microsoft Visual Studio Solution File, Format Version 12.00
# Visual Studio Version 17
VisualStudioVersion = 17.5.33502.453
MinimumVisualStudioVersion = 10.0.40219.1
Project("{FAE04EC0-301F-11D3-BF4B-00C04F79EFBC}") = "hellowithnameeinC#", "hellowithnameeinC#.csproj", "{69CB6E87-A7A7-471C-97A8-A07FD9CA0347}"
EndProject
Global
	GlobalSection(SolutionConfigurationPlatforms) = preSolution
		Debug|Any CPU = Debug|Any CPU
		Release|Any CPU = Release|Any CPU
	EndGlobalSection
	GlobalSection(ProjectConfigurationPlatforms) = postSolution
		{69CB6E87-A7A7-471C-97A8-A07FD9CA0347}.Debug|Any CPU.ActiveCfg = Debug|Any CPU
		{69CB6E87-A7A7-471C-97A8-A07FD9CA0347}.Debug|Any CPU.Build.0 = Debug|Any CPU
		{69CB6E87-A7A7-471C-97A8-A07FD9CA0347}.Release|Any CPU.ActiveCfg = Release|Any CPU
		{69CB6E87-A7A7-471C-97A8-A07FD9CA0347}.Release|Any CPU.Build.0 = Release|Any CPU
	EndGlobalSection
	GlobalSection(SolutionProperties) = preSolution
		HideSolutionNode = FALSE
	EndGlobalSection
	GlobalSection(ExtensibilityGlobals) = postSolution
		SolutionGuid = {DCC6DDE8-1E15-4E61-A9E7-C89069EDDD5A}
	EndGlobalSection
EndGlobal
