
Microsoft Visual Studio Solution File, Format Version 12.00
# Visual Studio Version 17
VisualStudioVersion = 17.5.33502.453
MinimumVisualStudioVersion = 10.0.40219.1
Project("{FAE04EC0-301F-11D3-BF4B-00C04F79EFBC}") = "tableofNbyC#", "tableofNbyC#.csproj", "{AB1F0FEA-36B6-46A8-BA10-561B87D8145C}"
EndProject
Global
	GlobalSection(SolutionConfigurationPlatforms) = preSolution
		Debug|Any CPU = Debug|Any CPU
		Release|Any CPU = Release|Any CPU
	EndGlobalSection
	GlobalSection(ProjectConfigurationPlatforms) = postSolution
		{AB1F0FEA-36B6-46A8-BA10-561B87D8145C}.Debug|Any CPU.ActiveCfg = Debug|Any CPU
		{AB1F0FEA-36B6-46A8-BA10-561B87D8145C}.Debug|Any CPU.Build.0 = Debug|Any CPU
		{AB1F0FEA-36B6-46A8-BA10-561B87D8145C}.Release|Any CPU.ActiveCfg = Release|Any CPU
		{AB1F0FEA-36B6-46A8-BA10-561B87D8145C}.Release|Any CPU.Build.0 = Release|Any CPU
	EndGlobalSection
	GlobalSection(SolutionProperties) = preSolution
		HideSolutionNode = FALSE
	EndGlobalSection
	GlobalSection(ExtensibilityGlobals) = postSolution
		SolutionGuid = {DAF36848-5C22-4FCF-95B4-9E12CF5FD01D}
	EndGlobalSection
EndGlobal
