
Microsoft Visual Studio Solution File, Format Version 12.00
# Visual Studio Version 17
VisualStudioVersion = 17.5.33502.453
MinimumVisualStudioVersion = 10.0.40219.1
Project("{FAE04EC0-301F-11D3-BF4B-00C04F79EFBC}") = "leapYbyC#", "leapYbyC#.csproj", "{E5E70AE9-9C0C-4C13-B334-3D28F9E65EBE}"
EndProject
Global
	GlobalSection(SolutionConfigurationPlatforms) = preSolution
		Debug|Any CPU = Debug|Any CPU
		Release|Any CPU = Release|Any CPU
	EndGlobalSection
	GlobalSection(ProjectConfigurationPlatforms) = postSolution
		{E5E70AE9-9C0C-4C13-B334-3D28F9E65EBE}.Debug|Any CPU.ActiveCfg = Debug|Any CPU
		{E5E70AE9-9C0C-4C13-B334-3D28F9E65EBE}.Debug|Any CPU.Build.0 = Debug|Any CPU
		{E5E70AE9-9C0C-4C13-B334-3D28F9E65EBE}.Release|Any CPU.ActiveCfg = Release|Any CPU
		{E5E70AE9-9C0C-4C13-B334-3D28F9E65EBE}.Release|Any CPU.Build.0 = Release|Any CPU
	EndGlobalSection
	GlobalSection(SolutionProperties) = preSolution
		HideSolutionNode = FALSE
	EndGlobalSection
	GlobalSection(ExtensibilityGlobals) = postSolution
		SolutionGuid = {944716E5-74AA-4956-BA88-4981FDD3CB39}
	EndGlobalSection
EndGlobal
