
Microsoft Visual Studio Solution File, Format Version 12.00
# Visual Studio Version 17
VisualStudioVersion = 17.5.33502.453
MinimumVisualStudioVersion = 10.0.40219.1
Project("{FAE04EC0-301F-11D3-BF4B-00C04F79EFBC}") = "CheigghtbtC#", "CheigghtbtC#.csproj", "{1B2B7762-BF2A-4728-A0F8-C04C82C62A1A}"
EndProject
Global
	GlobalSection(SolutionConfigurationPlatforms) = preSolution
		Debug|Any CPU = Debug|Any CPU
		Release|Any CPU = Release|Any CPU
	EndGlobalSection
	GlobalSection(ProjectConfigurationPlatforms) = postSolution
		{1B2B7762-BF2A-4728-A0F8-C04C82C62A1A}.Debug|Any CPU.ActiveCfg = Debug|Any CPU
		{1B2B7762-BF2A-4728-A0F8-C04C82C62A1A}.Debug|Any CPU.Build.0 = Debug|Any CPU
		{1B2B7762-BF2A-4728-A0F8-C04C82C62A1A}.Release|Any CPU.ActiveCfg = Release|Any CPU
		{1B2B7762-BF2A-4728-A0F8-C04C82C62A1A}.Release|Any CPU.Build.0 = Release|Any CPU
	EndGlobalSection
	GlobalSection(SolutionProperties) = preSolution
		HideSolutionNode = FALSE
	EndGlobalSection
	GlobalSection(ExtensibilityGlobals) = postSolution
		SolutionGuid = {B1E34613-8246-478F-AEB2-B1E619C759B7}
	EndGlobalSection
EndGlobal
