
Microsoft Visual Studio Solution File, Format Version 12.00
# Visual Studio Version 17
VisualStudioVersion = 17.5.33502.453
MinimumVisualStudioVersion = 10.0.40219.1
Project("{FAE04EC0-301F-11D3-BF4B-00C04F79EFBC}") = "except3subM&PbyC#", "except3subM&PbyC#.csproj", "{F069C0FF-6340-446E-B125-A4D7C0A78E93}"
EndProject
Global
	GlobalSection(SolutionConfigurationPlatforms) = preSolution
		Debug|Any CPU = Debug|Any CPU
		Release|Any CPU = Release|Any CPU
	EndGlobalSection
	GlobalSection(ProjectConfigurationPlatforms) = postSolution
		{F069C0FF-6340-446E-B125-A4D7C0A78E93}.Debug|Any CPU.ActiveCfg = Debug|Any CPU
		{F069C0FF-6340-446E-B125-A4D7C0A78E93}.Debug|Any CPU.Build.0 = Debug|Any CPU
		{F069C0FF-6340-446E-B125-A4D7C0A78E93}.Release|Any CPU.ActiveCfg = Release|Any CPU
		{F069C0FF-6340-446E-B125-A4D7C0A78E93}.Release|Any CPU.Build.0 = Release|Any CPU
	EndGlobalSection
	GlobalSection(SolutionProperties) = preSolution
		HideSolutionNode = FALSE
	EndGlobalSection
	GlobalSection(ExtensibilityGlobals) = postSolution
		SolutionGuid = {853BB44E-423F-42CB-A1A3-0E28750E60EE}
	EndGlobalSection
EndGlobal
