
Microsoft Visual Studio Solution File, Format Version 12.00
# Visual Studio Version 17
VisualStudioVersion = 17.5.33502.453
MinimumVisualStudioVersion = 10.0.40219.1
Project("{FAE04EC0-301F-11D3-BF4B-00C04F79EFBC}") = "calculatebyC#", "calculatebyC#.csproj", "{0DBBD319-D637-468A-8B7B-A42CDC12E6BA}"
EndProject
Global
	GlobalSection(SolutionConfigurationPlatforms) = preSolution
		Debug|Any CPU = Debug|Any CPU
		Release|Any CPU = Release|Any CPU
	EndGlobalSection
	GlobalSection(ProjectConfigurationPlatforms) = postSolution
		{0DBBD319-D637-468A-8B7B-A42CDC12E6BA}.Debug|Any CPU.ActiveCfg = Debug|Any CPU
		{0DBBD319-D637-468A-8B7B-A42CDC12E6BA}.Debug|Any CPU.Build.0 = Debug|Any CPU
		{0DBBD319-D637-468A-8B7B-A42CDC12E6BA}.Release|Any CPU.ActiveCfg = Release|Any CPU
		{0DBBD319-D637-468A-8B7B-A42CDC12E6BA}.Release|Any CPU.Build.0 = Release|Any CPU
	EndGlobalSection
	GlobalSection(SolutionProperties) = preSolution
		HideSolutionNode = FALSE
	EndGlobalSection
	GlobalSection(ExtensibilityGlobals) = postSolution
		SolutionGuid = {2C58A834-5127-4C51-BAC8-3ABC250F7556}
	EndGlobalSection
EndGlobal
